
Microsoft Visual Studio Solution File, Format Version 12.00
# Visual Studio 2013
VisualStudioVersion = 12.0.31101.0
MinimumVisualStudioVersion = 10.0.40219.1
Project("{FAE04EC0-301F-11D3-BF4B-00C04F79EFBC}") = "InventoryUI", "InventoryUI\InventoryUI.csproj", "{53B20804-C6D0-4B1E-AC15-E16D6DF81DEB}"
EndProject
Global
	GlobalSection(SolutionConfigurationPlatforms) = preSolution
		Debug|Any CPU = Debug|Any CPU
		Release|Any CPU = Release|Any CPU
	EndGlobalSection
	GlobalSection(ProjectConfigurationPlatforms) = postSolution
		{53B20804-C6D0-4B1E-AC15-E16D6DF81DEB}.Debug|Any CPU.ActiveCfg = Debug|Any CPU
		{53B20804-C6D0-4B1E-AC15-E16D6DF81DEB}.Debug|Any CPU.Build.0 = Debug|Any CPU
		{53B20804-C6D0-4B1E-AC15-E16D6DF81DEB}.Release|Any CPU.ActiveCfg = Release|Any CPU
		{53B20804-C6D0-4B1E-AC15-E16D6DF81DEB}.Release|Any CPU.Build.0 = Release|Any CPU
	EndGlobalSection
	GlobalSection(SolutionProperties) = preSolution
		HideSolutionNode = FALSE
	EndGlobalSection
EndGlobal
